PODS:
  - Alamofire (3.2.0)
  - CryptoSwift (0.2.3)
  - DateTools (1.7.0)
  - KeychainAccess (2.3.3)
  - ReactiveCocoa (4.0.0-RC.2):
    - ReactiveCocoa/UI (= 4.0.0-RC.2)
    - Result (~> 1.0)
  - ReactiveCocoa/Core (4.0.0-RC.2):
    - ReactiveCocoa/no-arc
    - Result (~> 1.0)
  - ReactiveCocoa/no-arc (4.0.0-RC.2):
    - Result (~> 1.0)
  - ReactiveCocoa/UI (4.0.0-RC.2):
    - ReactiveCocoa/Core
    - Result (~> 1.0)
  - Result (1.0.2)
  - Socket.IO-Client-Swift (5.5.0)
  - SwiftyJSON (2.3.2)

DEPENDENCIES:
  - Alamofire
  - CryptoSwift
  - DateTools
  - KeychainAccess
  - ReactiveCocoa (= 4.0.0-RC.2)
  - Socket.IO-Client-Swift
  - SwiftyJSON (from `https://github.com/SwiftyJSON/SwiftyJSON.git`)

EXTERNAL SOURCES:
  SwiftyJSON:
    :git: https://github.com/SwiftyJSON/SwiftyJSON.git

CHECKOUT OPTIONS:
  SwiftyJSON:
    :commit: 42bdb102d2624b143c07850ebdc1537d5b6579b6
    :git: https://github.com/SwiftyJSON/SwiftyJSON.git

SPEC CHECKSUMS:
  Alamofire: 4da478599fccddff361205c8929333d7fe18dceb
  CryptoSwift: b2bf37b8e7cc6d682ef3365cb966bc5ae5174aa5
  DateTools: 53288ee8b905fdc75897a1e6b5cc0144b14cba60
  KeychainAccess: 9b7e49e48277e329b1b3195e54697ed313d30acf
  ReactiveCocoa: 0d875167414bfe743bc5bf544ae5b05fddaf757d
  Result: dd3dd71af3fa2e262f1a999e14fba2c25ec14f16
  Socket.IO-Client-Swift: f39dbd4e9b295907bb7fd4b9588b89c00426783d
  SwiftyJSON: 04ccea08915aa0109039157c7974cf0298da292a

COCOAPODS: 0.39.0
